
Microsoft Visual Studio Solution File, Format Version 12.00
# Visual Studio 15
VisualStudioVersion = 15.0.27703.2035
MinimumVisualStudioVersion = 10.0.40219.1
Project("{FAE04EC0-301F-11D3-BF4B-00C04F79EFBC}") = "FrequencyOfCharacter", "Homework02\FrequencyOfCharacter.csproj", "{CFB3DBAB-4468-4900-AB81-4D14352D1181}"
EndProject
Project("{FAE04EC0-301F-11D3-BF4B-00C04F79EFBC}") = "FrequencyOfNumber", "FrequencyOfNumber\FrequencyOfNumber.csproj", "{0D8BF029-5C6B-4285-931E-BFD88BB1EDA4}"
EndProject
Project("{FAE04EC0-301F-11D3-BF4B-00C04F79EFBC}") = "Exercise03", "Exercise03\Exercise03.csproj", "{D9151B53-0B83-4E7B-B64E-11C2ABEAC6A8}"
EndProject
Global
	GlobalSection(SolutionConfigurationPlatforms) = preSolution
		Debug|Any CPU = Debug|Any CPU
		Release|Any CPU = Release|Any CPU
	EndGlobalSection
	GlobalSection(ProjectConfigurationPlatforms) = postSolution
		{CFB3DBAB-4468-4900-AB81-4D14352D1181}.Debug|Any CPU.ActiveCfg = Debug|Any CPU
		{CFB3DBAB-4468-4900-AB81-4D14352D1181}.Debug|Any CPU.Build.0 = Debug|Any CPU
		{CFB3DBAB-4468-4900-AB81-4D14352D1181}.Release|Any CPU.ActiveCfg = Release|Any CPU
		{CFB3DBAB-4468-4900-AB81-4D14352D1181}.Release|Any CPU.Build.0 = Release|Any CPU
		{0D8BF029-5C6B-4285-931E-BFD88BB1EDA4}.Debug|Any CPU.ActiveCfg = Debug|Any CPU
		{0D8BF029-5C6B-4285-931E-BFD88BB1EDA4}.Debug|Any CPU.Build.0 = Debug|Any CPU
		{0D8BF029-5C6B-4285-931E-BFD88BB1EDA4}.Release|Any CPU.ActiveCfg = Release|Any CPU
		{0D8BF029-5C6B-4285-931E-BFD88BB1EDA4}.Release|Any CPU.Build.0 = Release|Any CPU
		{D9151B53-0B83-4E7B-B64E-11C2ABEAC6A8}.Debug|Any CPU.ActiveCfg = Debug|Any CPU
		{D9151B53-0B83-4E7B-B64E-11C2ABEAC6A8}.Debug|Any CPU.Build.0 = Debug|Any CPU
		{D9151B53-0B83-4E7B-B64E-11C2ABEAC6A8}.Release|Any CPU.ActiveCfg = Release|Any CPU
		{D9151B53-0B83-4E7B-B64E-11C2ABEAC6A8}.Release|Any CPU.Build.0 = Release|Any CPU
	EndGlobalSection
	GlobalSection(SolutionProperties) = preSolution
		HideSolutionNode = FALSE
	EndGlobalSection
	GlobalSection(ExtensibilityGlobals) = postSolution
		SolutionGuid = {CA81CE9E-9C50-49A7-BC8B-E01F29EB5EB2}
	EndGlobalSection
EndGlobal
